
Microsoft Visual Studio Solution File, Format Version 12.00
# Visual Studio Version 17
VisualStudioVersion = 17.2.32516.85
MinimumVisualStudioVersion = 10.0.40219.1
Project("{2150E333-8FDC-42A3-9474-1A3956D46DE8}") = "src", "src", "{2C767491-55D0-48CD-9709-34C2D7E0321F}"
EndProject
Project("{9A19103F-16F7-4668-BE54-9A1E7A4F7556}") = "Feeder", "src\feeder\Feeder.csproj", "{F48DCEEE-F48B-4477-9278-CA1DDAE6698E}"
EndProject
Project("{9A19103F-16F7-4668-BE54-9A1E7A4F7556}") = "Feeder.Base", "src\Feeder.Base\Feeder.Base.csproj", "{0F36F444-BC5E-4AA9-A53D-0AD4865A4C20}"
EndProject
Project("{9A19103F-16F7-4668-BE54-9A1E7A4F7556}") = "Feeder.Services", "src\Feeder.Services\Feeder.Services.csproj", "{80A38977-1F35-4201-A568-8F6B573DCF04}"
EndProject
Project("{2150E333-8FDC-42A3-9474-1A3956D46DE8}") = "tests", "tests", "{EB1F811F-6C64-4233-9A55-FC29F98486D6}"
EndProject
Project("{9A19103F-16F7-4668-BE54-9A1E7A4F7556}") = "Feeder.Services.Tests", "tests\Feeder.Services.Tests\Feeder.Services.Tests.csproj", "{6E17C733-F9F5-4BE0-B71A-A3333A3AF075}"
EndProject
Global
	GlobalSection(SolutionConfigurationPlatforms) = preSolution
		Debug|Any CPU = Debug|Any CPU
		Release|Any CPU = Release|Any CPU
	EndGlobalSection
	GlobalSection(ProjectConfigurationPlatforms) = postSolution
		{F48DCEEE-F48B-4477-9278-CA1DDAE6698E}.Debug|Any CPU.ActiveCfg = Debug|Any CPU
		{F48DCEEE-F48B-4477-9278-CA1DDAE6698E}.Debug|Any CPU.Build.0 = Debug|Any CPU
		{F48DCEEE-F48B-4477-9278-CA1DDAE6698E}.Release|Any CPU.ActiveCfg = Release|Any CPU
		{F48DCEEE-F48B-4477-9278-CA1DDAE6698E}.Release|Any CPU.Build.0 = Release|Any CPU
		{0F36F444-BC5E-4AA9-A53D-0AD4865A4C20}.Debug|Any CPU.ActiveCfg = Debug|Any CPU
		{0F36F444-BC5E-4AA9-A53D-0AD4865A4C20}.Debug|Any CPU.Build.0 = Debug|Any CPU
		{0F36F444-BC5E-4AA9-A53D-0AD4865A4C20}.Release|Any CPU.ActiveCfg = Release|Any CPU
		{0F36F444-BC5E-4AA9-A53D-0AD4865A4C20}.Release|Any CPU.Build.0 = Release|Any CPU
		{80A38977-1F35-4201-A568-8F6B573DCF04}.Debug|Any CPU.ActiveCfg = Debug|Any CPU
		{80A38977-1F35-4201-A568-8F6B573DCF04}.Debug|Any CPU.Build.0 = Debug|Any CPU
		{80A38977-1F35-4201-A568-8F6B573DCF04}.Release|Any CPU.ActiveCfg = Release|Any CPU
		{80A38977-1F35-4201-A568-8F6B573DCF04}.Release|Any CPU.Build.0 = Release|Any CPU
		{6E17C733-F9F5-4BE0-B71A-A3333A3AF075}.Debug|Any CPU.ActiveCfg = Debug|Any CPU
		{6E17C733-F9F5-4BE0-B71A-A3333A3AF075}.Debug|Any CPU.Build.0 = Debug|Any CPU
		{6E17C733-F9F5-4BE0-B71A-A3333A3AF075}.Release|Any CPU.ActiveCfg = Release|Any CPU
		{6E17C733-F9F5-4BE0-B71A-A3333A3AF075}.Release|Any CPU.Build.0 = Release|Any CPU
	EndGlobalSection
	GlobalSection(SolutionProperties) = preSolution
		HideSolutionNode = FALSE
	EndGlobalSection
	GlobalSection(NestedProjects) = preSolution
		{F48DCEEE-F48B-4477-9278-CA1DDAE6698E} = {2C767491-55D0-48CD-9709-34C2D7E0321F}
		{0F36F444-BC5E-4AA9-A53D-0AD4865A4C20} = {2C767491-55D0-48CD-9709-34C2D7E0321F}
		{80A38977-1F35-4201-A568-8F6B573DCF04} = {2C767491-55D0-48CD-9709-34C2D7E0321F}
		{6E17C733-F9F5-4BE0-B71A-A3333A3AF075} = {EB1F811F-6C64-4233-9A55-FC29F98486D6}
	EndGlobalSection
	GlobalSection(ExtensibilityGlobals) = postSolution
		SolutionGuid = {EC580939-988D-449E-8AAE-44959A26959F}
	EndGlobalSection
EndGlobal
