
Microsoft Visual Studio Solution File, Format Version 12.00
# Visual Studio Version 16
VisualStudioVersion = 16.0.30114.105
MinimumVisualStudioVersion = 10.0.40219.1
Project("{2150E333-8FDC-42A3-9474-1A3956D46DE8}") = "src", "src", "{2C767491-55D0-48CD-9709-34C2D7E0321F}"
EndProject
Project("{FAE04EC0-301F-11D3-BF4B-00C04F79EFBC}") = "Feeder", "src\feeder\Feeder.csproj", "{F48DCEEE-F48B-4477-9278-CA1DDAE6698E}"
EndProject
Global
	GlobalSection(SolutionConfigurationPlatforms) = preSolution
		Debug|Any CPU = Debug|Any CPU
		Release|Any CPU = Release|Any CPU
	EndGlobalSection
	GlobalSection(SolutionProperties) = preSolution
		HideSolutionNode = FALSE
	EndGlobalSection
	GlobalSection(ProjectConfigurationPlatforms) = postSolution
		{F48DCEEE-F48B-4477-9278-CA1DDAE6698E}.Debug|Any CPU.ActiveCfg = Debug|Any CPU
		{F48DCEEE-F48B-4477-9278-CA1DDAE6698E}.Debug|Any CPU.Build.0 = Debug|Any CPU
		{F48DCEEE-F48B-4477-9278-CA1DDAE6698E}.Release|Any CPU.ActiveCfg = Release|Any CPU
		{F48DCEEE-F48B-4477-9278-CA1DDAE6698E}.Release|Any CPU.Build.0 = Release|Any CPU
	EndGlobalSection
	GlobalSection(NestedProjects) = preSolution
		{F48DCEEE-F48B-4477-9278-CA1DDAE6698E} = {2C767491-55D0-48CD-9709-34C2D7E0321F}
	EndGlobalSection
EndGlobal
